
Microsoft Visual Studio Solution File, Format Version 12.00
Project("{FAE04EC0-301F-11D3-BF4B-00C04F79EFBC}") = "RegexLib", "RegexLib\RegexLib.csproj", "{F76B683E-58E5-437F-91A5-4FFF12E934B6}"
EndProject
Project("{FAE04EC0-301F-11D3-BF4B-00C04F79EFBC}") = "RegexLibTest", "RegexLibTest\RegexLibTest.csproj", "{4AFDE05F-B858-434D-B944-5D6ECE3FFC87}"
EndProject
Global
	GlobalSection(SolutionConfigurationPlatforms) = preSolution
		Debug|Any CPU = Debug|Any CPU
		Release|Any CPU = Release|Any CPU
	EndGlobalSection
	GlobalSection(ProjectConfigurationPlatforms) = postSolution
		{F76B683E-58E5-437F-91A5-4FFF12E934B6}.Debug|Any CPU.ActiveCfg = Debug|Any CPU
		{F76B683E-58E5-437F-91A5-4FFF12E934B6}.Debug|Any CPU.Build.0 = Debug|Any CPU
		{F76B683E-58E5-437F-91A5-4FFF12E934B6}.Release|Any CPU.ActiveCfg = Release|Any CPU
		{F76B683E-58E5-437F-91A5-4FFF12E934B6}.Release|Any CPU.Build.0 = Release|Any CPU
		{4AFDE05F-B858-434D-B944-5D6ECE3FFC87}.Debug|Any CPU.ActiveCfg = Debug|Any CPU
		{4AFDE05F-B858-434D-B944-5D6ECE3FFC87}.Debug|Any CPU.Build.0 = Debug|Any CPU
		{4AFDE05F-B858-434D-B944-5D6ECE3FFC87}.Release|Any CPU.ActiveCfg = Release|Any CPU
		{4AFDE05F-B858-434D-B944-5D6ECE3FFC87}.Release|Any CPU.Build.0 = Release|Any CPU
	EndGlobalSection
EndGlobal
